
Microsoft Visual Studio Solution File, Format Version 12.00
# Visual Studio 15
VisualStudioVersion = 15.0.26730.16
MinimumVisualStudioVersion = 10.0.40219.1
Project("{FAE04EC0-301F-11D3-BF4B-00C04F79EFBC}") = "forExample", "forExample\forExample.csproj", "{7B593D98-4A3F-487E-AB3A-B4F1002AEF28}"
EndProject
Global
	GlobalSection(SolutionConfigurationPlatforms) = preSolution
		Debug|Any CPU = Debug|Any CPU
		Release|Any CPU = Release|Any CPU
	EndGlobalSection
	GlobalSection(ProjectConfigurationPlatforms) = postSolution
		{7B593D98-4A3F-487E-AB3A-B4F1002AEF28}.Debug|Any CPU.ActiveCfg = Debug|Any CPU
		{7B593D98-4A3F-487E-AB3A-B4F1002AEF28}.Debug|Any CPU.Build.0 = Debug|Any CPU
		{7B593D98-4A3F-487E-AB3A-B4F1002AEF28}.Release|Any CPU.ActiveCfg = Release|Any CPU
		{7B593D98-4A3F-487E-AB3A-B4F1002AEF28}.Release|Any CPU.Build.0 = Release|Any CPU
	EndGlobalSection
	GlobalSection(SolutionProperties) = preSolution
		HideSolutionNode = FALSE
	EndGlobalSection
	GlobalSection(ExtensibilityGlobals) = postSolution
		SolutionGuid = {E3834A2C-868B-4F9D-A06B-094B4F5399D8}
	EndGlobalSection
EndGlobal
